
Microsoft Visual Studio Solution File, Format Version 12.00
# Visual Studio 14
VisualStudioVersion = 14.0.23107.0
MinimumVisualStudioVersion = 10.0.40219.1
Project("{FAE04EC0-301F-11D3-BF4B-00C04F79EFBC}") = "SplashSenac", "WindowsFormsApplication1\SplashSenac.csproj", "{FA6AB75F-4CF3-40AD-A733-BD3F8F71A8D9}"
EndProject
Global
	GlobalSection(SolutionConfigurationPlatforms) = preSolution
		Debug|Any CPU = Debug|Any CPU
		Release|Any CPU = Release|Any CPU
	EndGlobalSection
	GlobalSection(ProjectConfigurationPlatforms) = postSolution
		{FA6AB75F-4CF3-40AD-A733-BD3F8F71A8D9}.Debug|Any CPU.ActiveCfg = Debug|Any CPU
		{FA6AB75F-4CF3-40AD-A733-BD3F8F71A8D9}.Debug|Any CPU.Build.0 = Debug|Any CPU
		{FA6AB75F-4CF3-40AD-A733-BD3F8F71A8D9}.Release|Any CPU.ActiveCfg = Release|Any CPU
		{FA6AB75F-4CF3-40AD-A733-BD3F8F71A8D9}.Release|Any CPU.Build.0 = Release|Any CPU
	EndGlobalSection
	GlobalSection(SolutionProperties) = preSolution
		HideSolutionNode = FALSE
	EndGlobalSection
EndGlobal
